hash: 721bab006d880b97996f61d8060113ed2d2de9eafcdf27d48cce8e181478d99c
updated: 2020-05-05T15:12:59.992247+02:00
imports:
- name: cloud.google.com/go
  version: 8c41231e01b2085512d98153bcffb847ff9b4b9f
  subpackages:
  - compute/metadata
- name: github.com/alexbrainman/sspi
  version: e580b900e9f5657daa5473021296289be6da2661
  subpackages:
  - negotiate
- name: github.com/apcera/gssapi
  version: 5fb4217df13b8e6878046fe1e5c10e560e1b86dc
  repo: https://github.com/openshift/gssapi.git
- name: github.com/Azure/go-ansiterm
  version: d6e3b3328b783f23731bc4d058875b0371ff8109
  subpackages:
  - winterm
- name: github.com/Azure/go-autorest
  version: 85d9c035382e5537c3c76e84ca5b82c5f09825e9
  subpackages:
  - autorest
  - autorest/adal
  - autorest/azure
  - autorest/date
  - logger
  - tracing
- name: github.com/Benjamintf1/unmarshalledmatchers
  version: bb1c1f34eaeac620307d94a2371c514fbaf6ec7f
- name: github.com/beorn7/perks
  version: 4b2b341e8d7715fae06375aa633dbb6e91b3fb46
  subpackages:
  - quantile
- name: github.com/blang/semver
  version: 2ee87856327ba09384cabd113bc6b5d174e9ec0f
- name: github.com/containerd/containerd
  version: d76c121f76a5fc8a462dc64594aea72fe18e1178
  subpackages:
  - errdefs
- name: github.com/davecgh/go-spew
  version: 8991bc29aa16c548c550c7ff78260e27b9ab7c73
  subpackages:
  - spew
- name: github.com/dgrijalva/jwt-go
  version: 06ea1031745cb8b3dab3f6a236daf2b0aa468b7e
- name: github.com/docker/distribution
  version: 2461543d988979529609e8cb6fca9ca190dc48da
  subpackages:
  - digestset
  - reference
  - registry/api/errcode
- name: github.com/docker/docker
  version: aa6a9891b09cce3d9004121294301a30d45d998d
  subpackages:
  - api
  - api/types
  - api/types/blkiodev
  - api/types/container
  - api/types/events
  - api/types/filters
  - api/types/image
  - api/types/mount
  - api/types/network
  - api/types/registry
  - api/types/strslice
  - api/types/swarm
  - api/types/swarm/runtime
  - api/types/time
  - api/types/versions
  - api/types/volume
  - client
  - errdefs
  - pkg/stdcopy
  - pkg/term
  - pkg/term/windows
- name: github.com/docker/go-connections
  version: 7dc0a2d6ddce55257ea8851e23b4fb9ef44fd4a0
  subpackages:
  - nat
  - sockets
  - tlsconfig
- name: github.com/docker/go-units
  version: 519db1ee28dcc9fd2474ae59fca29a810482bfb1
- name: github.com/docker/spdystream
  version: 449fdfce4d962303d702fec724ef0ad181c92528
  subpackages:
  - spdy
- name: github.com/emicklei/go-restful
  version: ff4f55a206334ef123e4f79bbf348980da81ca46
  subpackages:
  - log
- name: github.com/evanphx/json-patch
  version: 5858425f75500d40c52783dce87d085a483ce135
- name: github.com/exponent-io/jsonpath
  version: d6023ce2651d8eafb5c75bb0c7167536102ec9f5
- name: github.com/fatih/color
  version: 507f6050b8568533fb3f5504de8e5205fa62a114
- name: github.com/fsnotify/fsnotify
  version: c2828203cd70a50dcccfb2761f8b1f8ceef9a8e9
- name: github.com/ghodss/yaml
  version: 0ca9ea5df5451ffdf184b4428c902747c2c11cd7
- name: github.com/go-openapi/jsonpointer
  version: 46af16f9f7b149af66e5d1bd010e3574dc06de98
- name: github.com/go-openapi/jsonreference
  version: 13c6e3589ad90f49bd3e3bbe2c2cb3d7a4142272
- name: github.com/go-openapi/spec
  version: 6aced65f8501fe1217321abf0749d354824ba2ff
- name: github.com/go-openapi/swag
  version: 1d0bd113de87027671077d3c71eb3ac5d7dbba72
- name: github.com/gobwas/glob
  version: e7a84e9525fe90abcda167b604e483cc959ad4aa
  subpackages:
  - compiler
  - match
  - syntax
  - syntax/ast
  - syntax/lexer
  - util/runes
  - util/strings
- name: github.com/gogo/protobuf
  version: 65acae22fc9d1fe290b33faa2bd64cdc20a463a0
  subpackages:
  - proto
  - sortkeys
- name: github.com/golang/groupcache
  version: 02826c3e79038b59d737d3b1c0a1d937f71a4433
  subpackages:
  - lru
- name: github.com/golang/mock
  version: 3a35fb6e3e18b9dbfee291262260dee7372d2a92
  subpackages:
  - gomock
- name: github.com/golang/protobuf
  version: 6c65a5562fc06764971b7c5d05c76c75e84bdbf7
  subpackages:
  - proto
  - ptypes
  - ptypes/any
  - ptypes/duration
  - ptypes/timestamp
- name: github.com/google/btree
  version: 4030bb1f1f0c35b30ca7009e9ebd06849dd45306
- name: github.com/google/go-cmp
  version: 6f77996f0c42f7b84e5a2b252227263f93432e9b
  subpackages:
  - cmp
  - cmp/internal/diff
  - cmp/internal/flags
  - cmp/internal/function
  - cmp/internal/value
- name: github.com/google/go-github
  version: 371b0007be89061b4cf899dc2083dd08e3912c14
  subpackages:
  - github
- name: github.com/google/go-querystring
  version: c8c88dbee036db4e4808d1f2ec8c2e15e11c3f80
  subpackages:
  - query
- name: github.com/google/gofuzz
  version: f140a6486e521aad38f5917de355cbf147cc0496
- name: github.com/googleapis/gnostic
  version: 0c5108395e2debce0d731cf0287ddf7242066aba
  subpackages:
  - OpenAPIv2
  - compiler
  - extensions
- name: github.com/gophercloud/gophercloud
  version: c2d73b246b48e239d3f03c455905e06fe26e33c3
  subpackages:
  - openstack
  - openstack/identity/v2/tenants
  - openstack/identity/v2/tokens
  - openstack/identity/v3/tokens
  - openstack/utils
  - pagination
- name: github.com/gregjones/httpcache
  version: 9cad4c3443a7200dd6400aef47183728de563a38
  subpackages:
  - diskcache
- name: github.com/hashicorp/errwrap
  version: 8a6fb523712970c966eefc6b39ed2c5e74880354
- name: github.com/hashicorp/go-multierror
  version: 886a7fbe3eb1c874d46f623bfa70af45f425b3d1
- name: github.com/hashicorp/golang-lru
  version: 7087cb70de9f7a8bc0a10c375cb0d2280a8edf9c
  subpackages:
  - simplelru
- name: github.com/hinshun/vt10x
  version: d55458df857cfff952e4bf72ce1b567c5a4e141c
- name: github.com/hpcloud/tail
  version: a30252cb686a21eb2d0b98132633053ec2f7f1e5
  subpackages:
  - ratelimiter
  - util
  - watch
  - winfile
- name: github.com/imdario/mergo
  version: 9316a62528ac99aaecb4e47eadd6dc8aa6533d58
- name: github.com/inconshreveable/mousetrap
  version: 76626ae9c91c4f2a10f34cad8ce83ea42c93bb75
- name: github.com/json-iterator/go
  version: 03217c3e97663914aec3faafde50d081f197a0a2
- name: github.com/kballard/go-shellquote
  version: 95032a82bc518f77982ea72343cc1ade730072f0
- name: github.com/konsorten/go-windows-terminal-sequences
  version: 5c8c8bd35d3832f5d134ae1e1e375b69a4d25242
- name: github.com/kr/pty
  version: 3a6a957789163cacdfe0e291617a1c8e80612c11
  repo: https://github.com/creack/pty
- name: github.com/kubernetes-sigs/service-catalog
  version: 33d0c09773b4a57b652b4e08b68921f402065f1d
  subpackages:
  - pkg/apis/servicecatalog
  - pkg/apis/servicecatalog/v1beta1
  - pkg/apis/settings
  - pkg/apis/settings/v1alpha1
  - pkg/client/clientset_generated/clientset
  - pkg/client/clientset_generated/clientset/fake
  - pkg/client/clientset_generated/clientset/scheme
  - pkg/client/clientset_generated/clientset/typed/servicecatalog/v1beta1
  - pkg/client/clientset_generated/clientset/typed/servicecatalog/v1beta1/fake
  - pkg/client/clientset_generated/clientset/typed/settings/v1alpha1
  - pkg/client/clientset_generated/clientset/typed/settings/v1alpha1/fake
  - pkg/filter
- name: github.com/kylelemons/godebug
  version: fa7b53cdfc9105c70f134574002f406232921437
  subpackages:
  - diff
  - pretty
- name: github.com/liggitt/tabwriter
  version: 89fcab3d43de07060e4fd4c1547430ed57e87f24
- name: github.com/mailru/easyjson
  version: d5b7844b561a7bc640052f1b935f7b800330d7e0
  subpackages:
  - buffer
  - jlexer
  - jwriter
- name: github.com/MakeNowJust/heredoc
  version: bb23615498cded5e105af4ce27de75b089cbe851
- name: github.com/mattn/go-colorable
  version: efa589957cd060542a26d2dd7832fd6a6c6c3ade
- name: github.com/mattn/go-isatty
  version: cb30d6282491c185f77d9bec5d25de1bb61a06bc
- name: github.com/mattn/go-runewidth
  version: 14e809f6d78fcf9f48ff9b70981472b64c05f754
- name: github.com/matttproud/golang_protobuf_extensions
  version: c12348ce28de40eed0136aa2b644d0ee0650e56c
  subpackages:
  - pbutil
- name: github.com/mgutz/ansi
  version: 9520e82c474b0a04dd04f8a40959027271bab992
- name: github.com/Microsoft/go-winio
  version: 3fe6c526287328ec859e2c1258458b685198f204
  subpackages:
  - pkg/guid
- name: github.com/mitchellh/go-wordwrap
  version: 9e67c67572bc5dd02aef930e2b0ae3c02a4b5a5c
- name: github.com/modern-go/concurrent
  version: bacd9c7ef1dd9b15be4a9909b8ac7a4e313eec94
- name: github.com/modern-go/reflect2
  version: 94122c33edd36123c84d5368cfb2b69df93a0ec8
- name: github.com/Netflix/go-expect
  version: da48e75238e2d0bd8dd0fc70046a73c7d773e0ff
- name: github.com/olekukonko/tablewriter
  version: d4647c9c7a84d847478d890b816b7d8b62b0b279
- name: github.com/onsi/ginkgo
  version: 40598150331533e3cd497f21dcce387dae84b561
  subpackages:
  - config
  - internal/codelocation
  - internal/containernode
  - internal/failer
  - internal/leafnodes
  - internal/remote
  - internal/spec
  - internal/spec_iterator
  - internal/specrunner
  - internal/suite
  - internal/testingtproxy
  - internal/writer
  - reporters
  - reporters/stenographer
  - reporters/stenographer/support/go-colorable
  - reporters/stenographer/support/go-isatty
  - types
- name: github.com/onsi/gomega
  version: 6be6c439588487cd908a3a700795660c2a16dfec
  subpackages:
  - format
  - gbytes
  - gexec
  - internal/assertion
  - internal/asyncassertion
  - internal/oraclematcher
  - internal/testingtsupport
  - matchers
  - matchers/support/goraph/bipartitegraph
  - matchers/support/goraph/edge
  - matchers/support/goraph/node
  - matchers/support/goraph/util
  - types
- name: github.com/opencontainers/go-digest
  version: 279bed98673dd5bef374d3b6e4b09e2af76183bf
- name: github.com/opencontainers/image-spec
  version: 79b036d80240ae530a8de15e1d21c7ab9292c693
  subpackages:
  - specs-go
  - specs-go/v1
- name: github.com/openshift/api
  version: 3e8f22fb0b56808d981b0a98cd2741d31368aec5
  subpackages:
  - apps/v1
  - authorization/v1
  - build/v1
  - image/docker10
  - image/dockerpre012
  - image/v1
  - oauth/v1
  - pkg/serialization
  - project/v1
  - route/v1
  - user/v1
- name: github.com/openshift/client-go
  version: 92a2713fa240ea8a375a982d60b43ef5119f85ba
  subpackages:
  - apps/clientset/versioned
  - apps/clientset/versioned/fake
  - apps/clientset/versioned/scheme
  - apps/clientset/versioned/typed/apps/v1
  - apps/clientset/versioned/typed/apps/v1/fake
  - authorization/clientset/versioned/scheme
  - authorization/clientset/versioned/typed/authorization/v1
  - build/clientset/versioned
  - build/clientset/versioned/fake
  - build/clientset/versioned/scheme
  - build/clientset/versioned/typed/build/v1
  - build/clientset/versioned/typed/build/v1/fake
  - image/clientset/versioned
  - image/clientset/versioned/fake
  - image/clientset/versioned/scheme
  - image/clientset/versioned/typed/image/v1
  - image/clientset/versioned/typed/image/v1/fake
  - oauth/clientset/versioned/scheme
  - oauth/clientset/versioned/typed/oauth/v1
  - project/clientset/versioned
  - project/clientset/versioned/fake
  - project/clientset/versioned/scheme
  - project/clientset/versioned/typed/project/v1
  - project/clientset/versioned/typed/project/v1/fake
  - route/clientset/versioned
  - route/clientset/versioned/fake
  - route/clientset/versioned/scheme
  - route/clientset/versioned/typed/route/v1
  - route/clientset/versioned/typed/route/v1/fake
  - user/clientset/versioned/scheme
  - user/clientset/versioned/typed/user/v1
- name: github.com/openshift/library-go
  version: 2e79bd232e72b0a2c80fce375450cc1a999aeaf4
  subpackages:
  - pkg/apps/appsserialization
  - pkg/apps/appsutil
  - pkg/build/naming
  - pkg/oauth/oauthdiscovery
- name: github.com/openshift/oc
  version: 2576e482bf003e34e67ba3d69edcf5d411cfd6f3
  subpackages:
  - pkg/cli/login
  - pkg/helpers/errors
  - pkg/helpers/flagtypes
  - pkg/helpers/kubeconfig
  - pkg/helpers/motd
  - pkg/helpers/originkubeconfignames
  - pkg/helpers/project
  - pkg/helpers/term
  - pkg/helpers/tokencmd
- name: github.com/operator-framework/operator-lifecycle-manager
  version: a6acf50218ed5dff731b47ec6029cc353f9cbdfe
  subpackages:
  - pkg/api/apis/operators
  - pkg/api/apis/operators/v1
  - pkg/api/apis/operators/v1alpha1
  - pkg/api/client/clientset/versioned/scheme
  - pkg/api/client/clientset/versioned/typed/operators/v1alpha1
  - pkg/lib/version
- name: github.com/peterbourgon/diskv
  version: 5f041e8faa004a95c88a202771f4cc3e991971e6
- name: github.com/pkg/errors
  version: 645ef00459ed84a119197bfb8d8205042c6df63d
- name: github.com/pmezard/go-difflib
  version: 792786c7400a136282c1664665ae0a8db921c6c2
  subpackages:
  - difflib
- name: github.com/posener/complete
  version: dcda3199365ca2a5f24aea4c42aa56f6a197d117
  subpackages:
  - cmd
  - cmd/install
  - match
- name: github.com/prometheus/client_golang
  version: 4ab88e80c249ed361d3299e2930427d9ac43ef8d
  subpackages:
  - prometheus
  - prometheus/internal
  - prometheus/promhttp
- name: github.com/prometheus/client_model
  version: fd36f4220a901265f90734c3183c5f0c91daa0b8
  subpackages:
  - go
- name: github.com/prometheus/common
  version: 17f5ca1748182ddf24fc33a5a7caaaf790a52fcc
  subpackages:
  - expfmt
  - internal/bitbucket.org/ww/goautoneg
  - model
- name: github.com/prometheus/procfs
  version: 833678b5bb319f2d20a475cb165c6cc59c2cc77c
  subpackages:
  - internal/fs
- name: github.com/PuerkitoBio/purell
  version: 8a290539e2e8629dbc4e6bad948158f790ec31f4
- name: github.com/PuerkitoBio/urlesc
  version: 5bd2802263f21d8788851d5305584c82a5c75d7e
- name: github.com/RangelReale/osincli
  version: fababb0555f21315d1a34af6615a16eaab44396b
- name: github.com/russross/blackfriday
  version: 05f3235734ad95d0016f6a23902f06461fcf567a
- name: github.com/satori/go.uuid
  version: 879c5887cd475cd7864858769793b2ceb0d44feb
- name: github.com/sirupsen/logrus
  version: 839c75faf7f98a33d445d181f3018b5c3409a45e
- name: github.com/spf13/afero
  version: 588a75ec4f32903aa5e39a2619ba6a4631e28424
  subpackages:
  - mem
- name: github.com/spf13/cobra
  version: f2b07da1e2c38d5f12845a4f607e2e1018cbb1f5
- name: github.com/spf13/pflag
  version: 2e9d26c8c37aae03e3f9d4e90b7116f5accb7cab
- name: github.com/stretchr/testify
  version: ffdc059bfe9ce6a4e144ba849dbedead332c6053
  subpackages:
  - assert
  - require
- name: github.com/xeipuuv/gojsonpointer
  version: 02993c407bfbf5f6dae44c4f4b1cf6a39b5fc5bb
- name: github.com/xeipuuv/gojsonreference
  version: bd5ef7bd5415a7ac448318e64f11a24cd21e594b
- name: github.com/xeipuuv/gojsonschema
  version: 82fcdeb203eb6ab2a67d0a623d9c19e5e5a64927
- name: golang.org/x/crypto
  version: c2843e01d9a2bc60bb26ad24e09734fdc2d9ec58
  subpackages:
  - cast5
  - openpgp
  - openpgp/armor
  - openpgp/elgamal
  - openpgp/errors
  - openpgp/packet
  - openpgp/s2k
  - ssh/terminal
- name: golang.org/x/net
  version: 13f9640d40b9cc418fb53703dfbd177679788ceb
  subpackages:
  - context
  - context/ctxhttp
  - html
  - html/atom
  - html/charset
  - http/httpguts
  - http2
  - http2/hpack
  - idna
- name: golang.org/x/oauth2
  version: 0f29369cfe4552d0e4bcddc57cc75f4d7e672a33
  subpackages:
  - google
  - internal
  - jws
  - jwt
- name: golang.org/x/sys
  version: fde4db37ae7ad8191b03d30d27f258b5291ae4e3
  subpackages:
  - unix
  - windows
- name: golang.org/x/text
  version: 342b2e1fbaa52c93f31447ad2c6abc048c63e475
  subpackages:
  - cases
  - encoding
  - encoding/charmap
  - encoding/htmlindex
  - encoding/internal
  - encoding/internal/identifier
  - encoding/japanese
  - encoding/korean
  - encoding/simplifiedchinese
  - encoding/traditionalchinese
  - encoding/unicode
  - internal
  - internal/language
  - internal/language/compact
  - internal/tag
  - internal/utf8internal
  - language
  - runes
  - secure/bidirule
  - secure/precis
  - transform
  - unicode/bidi
  - unicode/norm
  - width
- name: golang.org/x/time
  version: 9d24e82272b4f38b78bc8cff74fa936d31ccd8ef
  subpackages:
  - rate
- name: golang.org/x/xerrors
  version: a985d3407aa71f30cf86696ee0a2f409709f22e1
  subpackages:
  - internal
- name: google.golang.org/appengine
  version: 54a98f90d1c46b7731eb8fb305d2a321c30ef610
  subpackages:
  - internal
  - internal/app_identity
  - internal/base
  - internal/datastore
  - internal/log
  - internal/modules
  - internal/remote_api
  - internal/urlfetch
  - urlfetch
- name: google.golang.org/genproto
  version: e7d98fc518a78c9f8b5ee77be7b0b317475d89e1
  subpackages:
  - googleapis/rpc/status
- name: google.golang.org/grpc
  version: 2fdaae294f38ed9a121193c51ec99fecd3b13eb7
  subpackages:
  - codes
  - status
- name: gopkg.in/AlecAivazis/survey.v1
  version: 38cdfa1242b19e0eb8b6f33004bf8e89832b8743
  subpackages:
  - core
  - terminal
- name: gopkg.in/fsnotify.v1
  version: c2828203cd70a50dcccfb2761f8b1f8ceef9a8e9
- name: gopkg.in/inf.v0
  version: d2d2541c53f18d2a059457998ce2876cc8e67cbf
- name: gopkg.in/tomb.v1
  version: dd632973f1e7218eb1089048e0798ec9ae7dceb8
- name: gopkg.in/yaml.v2
  version: f221b8435cfb71e54062f6c6e99e9ade30b124d5
- name: k8s.io/api
  version: 7643814f1c97f24ccfb38c2b85a7bb3c7f494346
  repo: https://github.com/openshift/kubernetes-api.git
  subpackages:
  - admission/v1
  - admission/v1beta1
  - admissionregistration/v1
  - admissionregistration/v1beta1
  - apps/v1
  - apps/v1beta1
  - apps/v1beta2
  - auditregistration/v1alpha1
  - authentication/v1
  - authentication/v1beta1
  - authorization/v1
  - authorization/v1beta1
  - autoscaling/v1
  - autoscaling/v2beta1
  - autoscaling/v2beta2
  - batch/v1
  - batch/v1beta1
  - batch/v2alpha1
  - certificates/v1beta1
  - coordination/v1
  - coordination/v1beta1
  - core/v1
  - discovery/v1alpha1
  - discovery/v1beta1
  - events/v1beta1
  - extensions/v1beta1
  - flowcontrol/v1alpha1
  - imagepolicy/v1alpha1
  - networking/v1
  - networking/v1beta1
  - node/v1alpha1
  - node/v1beta1
  - policy/v1beta1
  - rbac/v1
  - rbac/v1alpha1
  - rbac/v1beta1
  - scheduling/v1
  - scheduling/v1alpha1
  - scheduling/v1beta1
  - settings/v1alpha1
  - storage/v1
  - storage/v1alpha1
  - storage/v1beta1
- name: k8s.io/apimachinery
  version: 79c2a76c473a20cdc4ce59cae4b72529b5d9d16b
  repo: https://github.com/openshift/kubernetes-apimachinery.git
  subpackages:
  - pkg/api/equality
  - pkg/api/errors
  - pkg/api/meta
  - pkg/api/resource
  - pkg/api/validation
  - pkg/apis/meta/internalversion
  - pkg/apis/meta/v1
  - pkg/apis/meta/v1/unstructured
  - pkg/apis/meta/v1/unstructured/unstructuredscheme
  - pkg/apis/meta/v1/validation
  - pkg/apis/meta/v1beta1
  - pkg/conversion
  - pkg/conversion/queryparams
  - pkg/fields
  - pkg/labels
  - pkg/runtime
  - pkg/runtime/schema
  - pkg/runtime/serializer
  - pkg/runtime/serializer/json
  - pkg/runtime/serializer/protobuf
  - pkg/runtime/serializer/recognizer
  - pkg/runtime/serializer/streaming
  - pkg/runtime/serializer/versioning
  - pkg/selection
  - pkg/types
  - pkg/util/cache
  - pkg/util/clock
  - pkg/util/diff
  - pkg/util/duration
  - pkg/util/errors
  - pkg/util/framer
  - pkg/util/httpstream
  - pkg/util/httpstream/spdy
  - pkg/util/intstr
  - pkg/util/json
  - pkg/util/mergepatch
  - pkg/util/naming
  - pkg/util/net
  - pkg/util/rand
  - pkg/util/remotecommand
  - pkg/util/runtime
  - pkg/util/sets
  - pkg/util/strategicpatch
  - pkg/util/validation
  - pkg/util/validation/field
  - pkg/util/wait
  - pkg/util/yaml
  - pkg/version
  - pkg/watch
  - third_party/forked/golang/json
  - third_party/forked/golang/netutil
  - third_party/forked/golang/reflect
- name: k8s.io/apiserver
  version: 67a2f5bbc9d8f88bdaa7659cc0cb3307a7f9d61d
  subpackages:
  - pkg/authentication/authenticator
  - pkg/authentication/request/x509
  - pkg/authentication/user
- name: k8s.io/cli-runtime
  version: c8810ef308eee39e9d839d9101f9d4ec90e5da97
  repo: https://github.com/openshift/kubernetes-cli-runtime.git
  subpackages:
  - pkg/genericclioptions
  - pkg/genericclioptions/openshiftpatch
  - pkg/kustomize
  - pkg/kustomize/k8sdeps
  - pkg/kustomize/k8sdeps/configmapandsecret
  - pkg/kustomize/k8sdeps/kunstruct
  - pkg/kustomize/k8sdeps/kv
  - pkg/kustomize/k8sdeps/transformer
  - pkg/kustomize/k8sdeps/transformer/hash
  - pkg/kustomize/k8sdeps/transformer/patch
  - pkg/kustomize/k8sdeps/validator
  - pkg/printers
  - pkg/resource
- name: k8s.io/client-go
  version: bb38286aebfbd8b39c317114442ed28d37c7617e
  repo: https://github.com/openshift/kubernetes-client-go.git
  subpackages:
  - discovery
  - discovery/cached/disk
  - discovery/fake
  - dynamic
  - kubernetes
  - kubernetes/fake
  - kubernetes/scheme
  - kubernetes/typed/admissionregistration/v1
  - kubernetes/typed/admissionregistration/v1/fake
  - kubernetes/typed/admissionregistration/v1beta1
  - kubernetes/typed/admissionregistration/v1beta1/fake
  - kubernetes/typed/apps/v1
  - kubernetes/typed/apps/v1/fake
  - kubernetes/typed/apps/v1beta1
  - kubernetes/typed/apps/v1beta1/fake
  - kubernetes/typed/apps/v1beta2
  - kubernetes/typed/apps/v1beta2/fake
  - kubernetes/typed/auditregistration/v1alpha1
  - kubernetes/typed/auditregistration/v1alpha1/fake
  - kubernetes/typed/authentication/v1
  - kubernetes/typed/authentication/v1/fake
  - kubernetes/typed/authentication/v1beta1
  - kubernetes/typed/authentication/v1beta1/fake
  - kubernetes/typed/authorization/v1
  - kubernetes/typed/authorization/v1/fake
  - kubernetes/typed/authorization/v1beta1
  - kubernetes/typed/authorization/v1beta1/fake
  - kubernetes/typed/autoscaling/v1
  - kubernetes/typed/autoscaling/v1/fake
  - kubernetes/typed/autoscaling/v2beta1
  - kubernetes/typed/autoscaling/v2beta1/fake
  - kubernetes/typed/autoscaling/v2beta2
  - kubernetes/typed/autoscaling/v2beta2/fake
  - kubernetes/typed/batch/v1
  - kubernetes/typed/batch/v1/fake
  - kubernetes/typed/batch/v1beta1
  - kubernetes/typed/batch/v1beta1/fake
  - kubernetes/typed/batch/v2alpha1
  - kubernetes/typed/batch/v2alpha1/fake
  - kubernetes/typed/certificates/v1beta1
  - kubernetes/typed/certificates/v1beta1/fake
  - kubernetes/typed/coordination/v1
  - kubernetes/typed/coordination/v1/fake
  - kubernetes/typed/coordination/v1beta1
  - kubernetes/typed/coordination/v1beta1/fake
  - kubernetes/typed/core/v1
  - kubernetes/typed/core/v1/fake
  - kubernetes/typed/discovery/v1alpha1
  - kubernetes/typed/discovery/v1alpha1/fake
  - kubernetes/typed/discovery/v1beta1
  - kubernetes/typed/discovery/v1beta1/fake
  - kubernetes/typed/events/v1beta1
  - kubernetes/typed/events/v1beta1/fake
  - kubernetes/typed/extensions/v1beta1
  - kubernetes/typed/extensions/v1beta1/fake
  - kubernetes/typed/flowcontrol/v1alpha1
  - kubernetes/typed/flowcontrol/v1alpha1/fake
  - kubernetes/typed/networking/v1
  - kubernetes/typed/networking/v1/fake
  - kubernetes/typed/networking/v1beta1
  - kubernetes/typed/networking/v1beta1/fake
  - kubernetes/typed/node/v1alpha1
  - kubernetes/typed/node/v1alpha1/fake
  - kubernetes/typed/node/v1beta1
  - kubernetes/typed/node/v1beta1/fake
  - kubernetes/typed/policy/v1beta1
  - kubernetes/typed/policy/v1beta1/fake
  - kubernetes/typed/rbac/v1
  - kubernetes/typed/rbac/v1/fake
  - kubernetes/typed/rbac/v1alpha1
  - kubernetes/typed/rbac/v1alpha1/fake
  - kubernetes/typed/rbac/v1beta1
  - kubernetes/typed/rbac/v1beta1/fake
  - kubernetes/typed/scheduling/v1
  - kubernetes/typed/scheduling/v1/fake
  - kubernetes/typed/scheduling/v1alpha1
  - kubernetes/typed/scheduling/v1alpha1/fake
  - kubernetes/typed/scheduling/v1beta1
  - kubernetes/typed/scheduling/v1beta1/fake
  - kubernetes/typed/settings/v1alpha1
  - kubernetes/typed/settings/v1alpha1/fake
  - kubernetes/typed/storage/v1
  - kubernetes/typed/storage/v1/fake
  - kubernetes/typed/storage/v1alpha1
  - kubernetes/typed/storage/v1alpha1/fake
  - kubernetes/typed/storage/v1beta1
  - kubernetes/typed/storage/v1beta1/fake
  - pkg/apis/clientauthentication
  - pkg/apis/clientauthentication/v1alpha1
  - pkg/apis/clientauthentication/v1beta1
  - pkg/version
  - plugin/pkg/client/auth
  - plugin/pkg/client/auth/azure
  - plugin/pkg/client/auth/exec
  - plugin/pkg/client/auth/gcp
  - plugin/pkg/client/auth/oidc
  - plugin/pkg/client/auth/openstack
  - rest
  - rest/watch
  - restmapper
  - scale
  - scale/scheme
  - scale/scheme/appsint
  - scale/scheme/appsv1beta1
  - scale/scheme/appsv1beta2
  - scale/scheme/autoscalingv1
  - scale/scheme/extensionsint
  - scale/scheme/extensionsv1beta1
  - testing
  - third_party/forked/golang/template
  - tools/auth
  - tools/cache
  - tools/clientcmd
  - tools/clientcmd/api
  - tools/clientcmd/api/latest
  - tools/clientcmd/api/v1
  - tools/metrics
  - tools/pager
  - tools/portforward
  - tools/record
  - tools/record/util
  - tools/reference
  - tools/remotecommand
  - tools/watch
  - transport
  - transport/spdy
  - util/cert
  - util/connrotation
  - util/exec
  - util/flowcontrol
  - util/homedir
  - util/jsonpath
  - util/keyutil
  - util/retry
  - util/workqueue
- name: k8s.io/component-base
  version: e22fc98bf46cf388fdc8cb047daf7a6b4f208954
  subpackages:
  - metrics
  - metrics/legacyregistry
  - version
- name: k8s.io/klog
  version: 2ca9ad30301bf30a8a6e0fa2110db6b8df699a91
- name: k8s.io/kube-openapi
  version: 30be4d16710ac61bce31eb28a01054596fe6a9f1
  subpackages:
  - pkg/common
  - pkg/util/proto
  - pkg/util/proto/validation
- name: k8s.io/kubectl
  version: a53e0ee267cac8aee02619c9fde607b1fa974212
  repo: https://github.com/openshift/kubernetes-kubectl
  subpackages:
  - pkg/cmd/util
  - pkg/scheme
  - pkg/util/interrupt
  - pkg/util/openapi
  - pkg/util/openapi/validation
  - pkg/util/templates
  - pkg/util/term
  - pkg/validation
- name: k8s.io/utils
  version: e782cd3c129fc98ee807f3c889c0f26eb7c9daf5
  subpackages:
  - buffer
  - exec
  - integer
  - trace
- name: sigs.k8s.io/kustomize
  version: a6f65144121d1955266b0cd836ce954c04122dc8
  subpackages:
  - pkg/commands/build
  - pkg/constants
  - pkg/expansion
  - pkg/factory
  - pkg/fs
  - pkg/git
  - pkg/gvk
  - pkg/ifc
  - pkg/ifc/transformer
  - pkg/image
  - pkg/internal/error
  - pkg/loader
  - pkg/patch
  - pkg/patch/transformer
  - pkg/resid
  - pkg/resmap
  - pkg/resource
  - pkg/target
  - pkg/transformers
  - pkg/transformers/config
  - pkg/transformers/config/defaultconfig
  - pkg/types
- name: sigs.k8s.io/yaml
  version: fd68e9863619f6ec2fdd8625fe1f02e7c877e480
testImports: []
